
Microsoft Visual Studio Solution File, Format Version 11.00
# Visual Studio 2010
Project("{FAE04EC0-301F-11D3-BF4B-00C04F79EFBC}") = "Oceanus", "Oceanus\Oceanus.csproj", "{54A05D95-AF6C-4F86-AA12-9162D98A0280}"
EndProject
Project("{FAE04EC0-301F-11D3-BF4B-00C04F79EFBC}") = "Oceanus.SampleData", "Oceanus.SampleData\Oceanus.SampleData.csproj", "{5F19DD85-F5A3-4A20-B14D-FED9794CF82D}"
EndProject
Global
	GlobalSection(SolutionConfigurationPlatforms) = preSolution
		Debug|Any CPU = Debug|Any CPU
		Debug|Mixed Platforms = Debug|Mixed Platforms
		Debug|x86 = Debug|x86
		Release|Any CPU = Release|Any CPU
		Release|Mixed Platforms = Release|Mixed Platforms
		Release|x86 = Release|x86
	EndGlobalSection
	GlobalSection(ProjectConfigurationPlatforms) = postSolution
		{54A05D95-AF6C-4F86-AA12-9162D98A0280}.Debug|Any CPU.ActiveCfg = Debug|Any CPU
		{54A05D95-AF6C-4F86-AA12-9162D98A0280}.Debug|Any CPU.Build.0 = Debug|Any CPU
		{54A05D95-AF6C-4F86-AA12-9162D98A0280}.Debug|Mixed Platforms.ActiveCfg = Debug|Any CPU
		{54A05D95-AF6C-4F86-AA12-9162D98A0280}.Debug|Mixed Platforms.Build.0 = Debug|Any CPU
		{54A05D95-AF6C-4F86-AA12-9162D98A0280}.Debug|x86.ActiveCfg = Debug|Any CPU
		{54A05D95-AF6C-4F86-AA12-9162D98A0280}.Release|Any CPU.ActiveCfg = Release|Any CPU
		{54A05D95-AF6C-4F86-AA12-9162D98A0280}.Release|Any CPU.Build.0 = Release|Any CPU
		{54A05D95-AF6C-4F86-AA12-9162D98A0280}.Release|Mixed Platforms.ActiveCfg = Release|Any CPU
		{54A05D95-AF6C-4F86-AA12-9162D98A0280}.Release|Mixed Platforms.Build.0 = Release|Any CPU
		{54A05D95-AF6C-4F86-AA12-9162D98A0280}.Release|x86.ActiveCfg = Release|Any CPU
		{5F19DD85-F5A3-4A20-B14D-FED9794CF82D}.Debug|Any CPU.ActiveCfg = Debug|x86
		{5F19DD85-F5A3-4A20-B14D-FED9794CF82D}.Debug|Mixed Platforms.ActiveCfg = Debug|x86
		{5F19DD85-F5A3-4A20-B14D-FED9794CF82D}.Debug|Mixed Platforms.Build.0 = Debug|x86
		{5F19DD85-F5A3-4A20-B14D-FED9794CF82D}.Debug|x86.ActiveCfg = Debug|x86
		{5F19DD85-F5A3-4A20-B14D-FED9794CF82D}.Debug|x86.Build.0 = Debug|x86
		{5F19DD85-F5A3-4A20-B14D-FED9794CF82D}.Release|Any CPU.ActiveCfg = Release|x86
		{5F19DD85-F5A3-4A20-B14D-FED9794CF82D}.Release|Mixed Platforms.ActiveCfg = Release|x86
		{5F19DD85-F5A3-4A20-B14D-FED9794CF82D}.Release|Mixed Platforms.Build.0 = Release|x86
		{5F19DD85-F5A3-4A20-B14D-FED9794CF82D}.Release|x86.ActiveCfg = Release|x86
		{5F19DD85-F5A3-4A20-B14D-FED9794CF82D}.Release|x86.Build.0 = Release|x86
	EndGlobalSection
	GlobalSection(SolutionProperties) = preSolution
		HideSolutionNode = FALSE
	EndGlobalSection
EndGlobal
