
Microsoft Visual Studio Solution File, Format Version 11.00
# Visual Studio 2010
Project("{FAE04EC0-301F-11D3-BF4B-00C04F79EFBC}") = "Oceanus", "Oceanus\Oceanus.csproj", "{54A05D95-AF6C-4F86-AA12-9162D98A0280}"
EndProject
Project("{FAE04EC0-301F-11D3-BF4B-00C04F79EFBC}") = "FacebookAPI", "facebook\FacebookAPI.csproj", "{1F538275-4C0C-4983-8D92-BFF2AA0E5FC1}"
EndProject
Project("{FAE04EC0-301F-11D3-BF4B-00C04F79EFBC}") = "Oceanus.Utilities", "Oceanus.Utilities\Oceanus.Utilities.csproj", "{ABB111B6-EE54-4F74-952D-AB16889B5500}"
EndProject
Global
	GlobalSection(SolutionConfigurationPlatforms) = preSolution
		Debug|Any CPU = Debug|Any CPU
		Debug|Mixed Platforms = Debug|Mixed Platforms
		Debug|x86 = Debug|x86
		Release|Any CPU = Release|Any CPU
		Release|Mixed Platforms = Release|Mixed Platforms
		Release|x86 = Release|x86
	EndGlobalSection
	GlobalSection(ProjectConfigurationPlatforms) = postSolution
		{54A05D95-AF6C-4F86-AA12-9162D98A0280}.Debug|Any CPU.ActiveCfg = Debug|Any CPU
		{54A05D95-AF6C-4F86-AA12-9162D98A0280}.Debug|Any CPU.Build.0 = Debug|Any CPU
		{54A05D95-AF6C-4F86-AA12-9162D98A0280}.Debug|Mixed Platforms.ActiveCfg = Debug|Any CPU
		{54A05D95-AF6C-4F86-AA12-9162D98A0280}.Debug|Mixed Platforms.Build.0 = Debug|Any CPU
		{54A05D95-AF6C-4F86-AA12-9162D98A0280}.Debug|x86.ActiveCfg = Debug|Any CPU
		{54A05D95-AF6C-4F86-AA12-9162D98A0280}.Release|Any CPU.ActiveCfg = Release|Any CPU
		{54A05D95-AF6C-4F86-AA12-9162D98A0280}.Release|Any CPU.Build.0 = Release|Any CPU
		{54A05D95-AF6C-4F86-AA12-9162D98A0280}.Release|Mixed Platforms.ActiveCfg = Release|Any CPU
		{54A05D95-AF6C-4F86-AA12-9162D98A0280}.Release|Mixed Platforms.Build.0 = Release|Any CPU
		{54A05D95-AF6C-4F86-AA12-9162D98A0280}.Release|x86.ActiveCfg = Release|Any CPU
		{1F538275-4C0C-4983-8D92-BFF2AA0E5FC1}.Debug|Any CPU.ActiveCfg = Debug|Any CPU
		{1F538275-4C0C-4983-8D92-BFF2AA0E5FC1}.Debug|Any CPU.Build.0 = Debug|Any CPU
		{1F538275-4C0C-4983-8D92-BFF2AA0E5FC1}.Debug|Mixed Platforms.ActiveCfg = Debug|Any CPU
		{1F538275-4C0C-4983-8D92-BFF2AA0E5FC1}.Debug|Mixed Platforms.Build.0 = Debug|Any CPU
		{1F538275-4C0C-4983-8D92-BFF2AA0E5FC1}.Debug|x86.ActiveCfg = Debug|Any CPU
		{1F538275-4C0C-4983-8D92-BFF2AA0E5FC1}.Release|Any CPU.ActiveCfg = Release|Any CPU
		{1F538275-4C0C-4983-8D92-BFF2AA0E5FC1}.Release|Any CPU.Build.0 = Release|Any CPU
		{1F538275-4C0C-4983-8D92-BFF2AA0E5FC1}.Release|Mixed Platforms.ActiveCfg = Release|Any CPU
		{1F538275-4C0C-4983-8D92-BFF2AA0E5FC1}.Release|Mixed Platforms.Build.0 = Release|Any CPU
		{1F538275-4C0C-4983-8D92-BFF2AA0E5FC1}.Release|x86.ActiveCfg = Release|Any CPU
		{ABB111B6-EE54-4F74-952D-AB16889B5500}.Debug|Any CPU.ActiveCfg = Debug|x86
		{ABB111B6-EE54-4F74-952D-AB16889B5500}.Debug|Mixed Platforms.ActiveCfg = Debug|x86
		{ABB111B6-EE54-4F74-952D-AB16889B5500}.Debug|Mixed Platforms.Build.0 = Debug|x86
		{ABB111B6-EE54-4F74-952D-AB16889B5500}.Debug|x86.ActiveCfg = Debug|x86
		{ABB111B6-EE54-4F74-952D-AB16889B5500}.Debug|x86.Build.0 = Debug|x86
		{ABB111B6-EE54-4F74-952D-AB16889B5500}.Release|Any CPU.ActiveCfg = Release|x86
		{ABB111B6-EE54-4F74-952D-AB16889B5500}.Release|Mixed Platforms.ActiveCfg = Release|x86
		{ABB111B6-EE54-4F74-952D-AB16889B5500}.Release|Mixed Platforms.Build.0 = Release|x86
		{ABB111B6-EE54-4F74-952D-AB16889B5500}.Release|x86.ActiveCfg = Release|x86
		{ABB111B6-EE54-4F74-952D-AB16889B5500}.Release|x86.Build.0 = Release|x86
	EndGlobalSection
	GlobalSection(SolutionProperties) = preSolution
		HideSolutionNode = FALSE
	EndGlobalSection
EndGlobal
